
Microsoft Visual Studio Solution File, Format Version 12.00
# Visual Studio Version 16
VisualStudioVersion = 16.0.30907.101
MinimumVisualStudioVersion = 10.0.40219.1
Project("{9A19103F-16F7-4668-BE54-9A1E7A4F7556}") = "BlazingShop", "BlazingShop\BlazingShop.csproj", "{FF196EC5-1409-4D81-B404-7A2F338AAF08}"
EndProject
Project("{9A19103F-16F7-4668-BE54-9A1E7A4F7556}") = "BlazingShop.DomainModel", "BlazingShop.DomainModel\BlazingShop.DomainModel.csproj", "{BF6FA161-E05A-4D5D-AD5D-5F5B4744F1EC}"
EndProject
Project("{9A19103F-16F7-4668-BE54-9A1E7A4F7556}") = "BlazingShop.DataLayer", "BlazingShop.DataLayer\BlazingShop.DataLayer.csproj", "{2A1BB03E-C6BF-4726-B7F5-22C56E8BBD09}"
EndProject
Project("{FAE04EC0-301F-11D3-BF4B-00C04F79EFBC}") = "BlazingShop.ServiceContract", "BlazingShop.ServiceContract\BlazingShop.ServiceContract.csproj", "{2877F3D0-C600-4369-BC28-775268F2B774}"
EndProject
Project("{FAE04EC0-301F-11D3-BF4B-00C04F79EFBC}") = "BlazingShop.ServiceLayer", "BlazingShop.ServiceLayer\BlazingShop.ServiceLayer.csproj", "{1E33D0CC-7DC7-4D9C-9AAA-EF7D946612C1}"
EndProject
Global
	GlobalSection(SolutionConfigurationPlatforms) = preSolution
		Debug|Any CPU = Debug|Any CPU
		Release|Any CPU = Release|Any CPU
	EndGlobalSection
	GlobalSection(ProjectConfigurationPlatforms) = postSolution
		{FF196EC5-1409-4D81-B404-7A2F338AAF08}.Debug|Any CPU.ActiveCfg = Debug|Any CPU
		{FF196EC5-1409-4D81-B404-7A2F338AAF08}.Debug|Any CPU.Build.0 = Debug|Any CPU
		{FF196EC5-1409-4D81-B404-7A2F338AAF08}.Release|Any CPU.ActiveCfg = Release|Any CPU
		{FF196EC5-1409-4D81-B404-7A2F338AAF08}.Release|Any CPU.Build.0 = Release|Any CPU
		{BF6FA161-E05A-4D5D-AD5D-5F5B4744F1EC}.Debug|Any CPU.ActiveCfg = Debug|Any CPU
		{BF6FA161-E05A-4D5D-AD5D-5F5B4744F1EC}.Debug|Any CPU.Build.0 = Debug|Any CPU
		{BF6FA161-E05A-4D5D-AD5D-5F5B4744F1EC}.Release|Any CPU.ActiveCfg = Release|Any CPU
		{BF6FA161-E05A-4D5D-AD5D-5F5B4744F1EC}.Release|Any CPU.Build.0 = Release|Any CPU
		{2A1BB03E-C6BF-4726-B7F5-22C56E8BBD09}.Debug|Any CPU.ActiveCfg = Debug|Any CPU
		{2A1BB03E-C6BF-4726-B7F5-22C56E8BBD09}.Debug|Any CPU.Build.0 = Debug|Any CPU
		{2A1BB03E-C6BF-4726-B7F5-22C56E8BBD09}.Release|Any CPU.ActiveCfg = Release|Any CPU
		{2A1BB03E-C6BF-4726-B7F5-22C56E8BBD09}.Release|Any CPU.Build.0 = Release|Any CPU
		{2877F3D0-C600-4369-BC28-775268F2B774}.Debug|Any CPU.ActiveCfg = Debug|Any CPU
		{2877F3D0-C600-4369-BC28-775268F2B774}.Debug|Any CPU.Build.0 = Debug|Any CPU
		{2877F3D0-C600-4369-BC28-775268F2B774}.Release|Any CPU.ActiveCfg = Release|Any CPU
		{2877F3D0-C600-4369-BC28-775268F2B774}.Release|Any CPU.Build.0 = Release|Any CPU
		{1E33D0CC-7DC7-4D9C-9AAA-EF7D946612C1}.Debug|Any CPU.ActiveCfg = Debug|Any CPU
		{1E33D0CC-7DC7-4D9C-9AAA-EF7D946612C1}.Debug|Any CPU.Build.0 = Debug|Any CPU
		{1E33D0CC-7DC7-4D9C-9AAA-EF7D946612C1}.Release|Any CPU.ActiveCfg = Release|Any CPU
		{1E33D0CC-7DC7-4D9C-9AAA-EF7D946612C1}.Release|Any CPU.Build.0 = Release|Any CPU
	EndGlobalSection
	GlobalSection(SolutionProperties) = preSolution
		HideSolutionNode = FALSE
	EndGlobalSection
	GlobalSection(ExtensibilityGlobals) = postSolution
		SolutionGuid = {6004E64A-80E9-4E82-AFBA-CE10D8FFDE34}
	EndGlobalSection
EndGlobal
